
Microsoft Visual Studio Solution File, Format Version 12.00
# Visual Studio 15
VisualStudioVersion = 15.0.26430.16
MinimumVisualStudioVersion = 10.0.40219.1
Project("{FAE04EC0-301F-11D3-BF4B-00C04F79EFBC}") = "Server", "Server\Server.csproj", "{4DA55D8F-B23B-48FB-B27C-79882D0BE6F1}"
EndProject
Project("{FAE04EC0-301F-11D3-BF4B-00C04F79EFBC}") = "LibMessages", "LibMessages\LibMessages.csproj", "{E7387495-7592-46D4-8590-F0C25F7B63C5}"
EndProject
Project("{FAE04EC0-301F-11D3-BF4B-00C04F79EFBC}") = "Client", "Client\Client.csproj", "{660937AF-813D-45C8-B7B0-BEFD13EF7744}"
EndProject
Project("{FAE04EC0-301F-11D3-BF4B-00C04F79EFBC}") = "LibNetwork", "LibNetwork\LibNetwork.csproj", "{FD4D4616-1811-4553-9B99-01C2E937CE9A}"
EndProject
Global
	GlobalSection(SolutionConfigurationPlatforms) = preSolution
		Debug|Any CPU = Debug|Any CPU
		Release|Any CPU = Release|Any CPU
	EndGlobalSection
	GlobalSection(ProjectConfigurationPlatforms) = postSolution
		{4DA55D8F-B23B-48FB-B27C-79882D0BE6F1}.Debug|Any CPU.ActiveCfg = Debug|Any CPU
		{4DA55D8F-B23B-48FB-B27C-79882D0BE6F1}.Debug|Any CPU.Build.0 = Debug|Any CPU
		{4DA55D8F-B23B-48FB-B27C-79882D0BE6F1}.Release|Any CPU.ActiveCfg = Release|Any CPU
		{4DA55D8F-B23B-48FB-B27C-79882D0BE6F1}.Release|Any CPU.Build.0 = Release|Any CPU
		{E7387495-7592-46D4-8590-F0C25F7B63C5}.Debug|Any CPU.ActiveCfg = Debug|Any CPU
		{E7387495-7592-46D4-8590-F0C25F7B63C5}.Debug|Any CPU.Build.0 = Debug|Any CPU
		{E7387495-7592-46D4-8590-F0C25F7B63C5}.Release|Any CPU.ActiveCfg = Release|Any CPU
		{E7387495-7592-46D4-8590-F0C25F7B63C5}.Release|Any CPU.Build.0 = Release|Any CPU
		{660937AF-813D-45C8-B7B0-BEFD13EF7744}.Debug|Any CPU.ActiveCfg = Debug|Any CPU
		{660937AF-813D-45C8-B7B0-BEFD13EF7744}.Debug|Any CPU.Build.0 = Debug|Any CPU
		{660937AF-813D-45C8-B7B0-BEFD13EF7744}.Release|Any CPU.ActiveCfg = Release|Any CPU
		{660937AF-813D-45C8-B7B0-BEFD13EF7744}.Release|Any CPU.Build.0 = Release|Any CPU
		{FD4D4616-1811-4553-9B99-01C2E937CE9A}.Debug|Any CPU.ActiveCfg = Debug|Any CPU
		{FD4D4616-1811-4553-9B99-01C2E937CE9A}.Debug|Any CPU.Build.0 = Debug|Any CPU
		{FD4D4616-1811-4553-9B99-01C2E937CE9A}.Release|Any CPU.ActiveCfg = Release|Any CPU
		{FD4D4616-1811-4553-9B99-01C2E937CE9A}.Release|Any CPU.Build.0 = Release|Any CPU
	EndGlobalSection
	GlobalSection(SolutionProperties) = preSolution
		HideSolutionNode = FALSE
	EndGlobalSection
EndGlobal
